{
  "name": "amplify",
  "lockfileVersion": 3,
  "requires": true,
  "packages": {
    "": {
      "devDependencies": {
        "@types/spotify-web-api-node": "^5.0.11"
      }
    },
    "node_modules/@types/spotify-api": {
      "version": "0.0.25",
      "resolved": "https://registry.npmjs.org/@types/spotify-api/-/spotify-api-0.0.25.tgz",
      "integrity": "sha512-okhoy0U9fPWtwqCfbDyW8VxamhqvXE0gXIVeMOh5HcvEFQvWW2X0VsvdiX/OyiGQpZbZiOJXIGrbnIPfK0AIpA==",
      "dev": true,
      "license": "MIT"
    },
    "node_modules/@types/spotify-web-api-node": {
      "version": "5.0.11",
      "resolved": "https://registry.npmjs.org/@types/spotify-web-api-node/-/spotify-web-api-node-5.0.11.tgz",
      "integrity": "sha512-RS3IkSqH9geC61e8qd+Oy7giOTtiY7ywm0Z4bu5uYuc7XuOcLfDwKjmle85IbpTEdazeCgmIbo8nMLg7WDVvgw==",
      "dev": true,
      "license": "MIT",
      "dependencies": {
        "@types/spotify-api": "*"
      }
    }
  }
}
